
Microsoft Visual Studio Solution File, Format Version 12.00
Project("{FAE04EC0-301F-11D3-BF4B-00C04F79EFBC}") = "EcoMealApp", "EcoMealApp\EcoMealApp.csproj", "{AABEE805-1EC6-4816-86D6-0DA1D60F4720}"
EndProject
Global
	GlobalSection(SolutionConfigurationPlatforms) = preSolution
		Debug|Any CPU = Debug|Any CPU
		Release|Any CPU = Release|Any CPU
	EndGlobalSection
	GlobalSection(ProjectConfigurationPlatforms) = postSolution
		{AABEE805-1EC6-4816-86D6-0DA1D60F4720}.Debug|Any CPU.ActiveCfg = Debug|Any CPU
		{AABEE805-1EC6-4816-86D6-0DA1D60F4720}.Debug|Any CPU.Build.0 = Debug|Any CPU
		{AABEE805-1EC6-4816-86D6-0DA1D60F4720}.Release|Any CPU.ActiveCfg = Release|Any CPU
		{AABEE805-1EC6-4816-86D6-0DA1D60F4720}.Release|Any CPU.Build.0 = Release|Any CPU
	EndGlobalSection
EndGlobal
